{
  "name": "@ikaru5/heimdall-controller",
  "version": "0.4.0",
  "lockfileVersion": 2,
  "requires": true,
  "packages": {
    "": {
      "name": "@ikaru5/heimdall-controller",
      "version": "0.4.0",
      "license": "MIT",
      "dependencies": {
        "@ikaru5/heimdall-contract": "^0.5.0"
      }
    },
    "node_modules/@ikaru5/heimdall-contract": {
      "version": "0.5.1",
      "resolved": "https://registry.npmjs.org/@ikaru5/heimdall-contract/-/heimdall-contract-0.5.1.tgz",
      "integrity": "sha512-+lc7ESDmXQRFAiw/RbUeRCnipTQHn6nFvmngOL8wpG/g3erAFm4+kiDbSWq0zDCxSVIMF+k20RhbMnUcn8R3ng==",
      "license": "MIT"
    }
  },
  "dependencies": {
    "@ikaru5/heimdall-contract": {
      "version": "0.5.1",
      "resolved": "https://registry.npmjs.org/@ikaru5/heimdall-contract/-/heimdall-contract-0.5.1.tgz",
      "integrity": "sha512-+lc7ESDmXQRFAiw/RbUeRCnipTQHn6nFvmngOL8wpG/g3erAFm4+kiDbSWq0zDCxSVIMF+k20RhbMnUcn8R3ng=="
    }
  }
}
